
Microsoft Visual Studio Solution File, Format Version 12.00
# Visual Studio 14
VisualStudioVersion = 14.0.23107.0
MinimumVisualStudioVersion = 10.0.40219.1
Project("{FAE04EC0-301F-11D3-BF4B-00C04F79EFBC}") = "Toolshed", "Toolshed\Toolshed.csproj", "{77176CAE-9130-4699-AA47-28238436001A}"
EndProject
Project("{FAE04EC0-301F-11D3-BF4B-00C04F79EFBC}") = "Toolshed.Tests", "Toolshed.Tests\Toolshed.Tests.csproj", "{36466CD3-5631-497C-8E02-32BF9309F202}"
EndProject
Global
	GlobalSection(SolutionConfigurationPlatforms) = preSolution
		Debug|Any CPU = Debug|Any CPU
		Release|Any CPU = Release|Any CPU
	EndGlobalSection
	GlobalSection(ProjectConfigurationPlatforms) = postSolution
		{77176CAE-9130-4699-AA47-28238436001A}.Debug|Any CPU.ActiveCfg = Debug|Any CPU
		{77176CAE-9130-4699-AA47-28238436001A}.Debug|Any CPU.Build.0 = Debug|Any CPU
		{77176CAE-9130-4699-AA47-28238436001A}.Release|Any CPU.ActiveCfg = Release|Any CPU
		{77176CAE-9130-4699-AA47-28238436001A}.Release|Any CPU.Build.0 = Release|Any CPU
		{36466CD3-5631-497C-8E02-32BF9309F202}.Debug|Any CPU.ActiveCfg = Debug|Any CPU
		{36466CD3-5631-497C-8E02-32BF9309F202}.Debug|Any CPU.Build.0 = Debug|Any CPU
		{36466CD3-5631-497C-8E02-32BF9309F202}.Release|Any CPU.ActiveCfg = Release|Any CPU
		{36466CD3-5631-497C-8E02-32BF9309F202}.Release|Any CPU.Build.0 = Release|Any CPU
	EndGlobalSection
	GlobalSection(SolutionProperties) = preSolution
		HideSolutionNode = FALSE
	EndGlobalSection
EndGlobal
